Microsoft Visual Studio Solution File, Format Version 12.00
# Visual Studio Version 17
VisualStudioVersion = 17.5.2.0
MinimumVisualStudioVersion = 10.0.40219.1
Project("{FAE04EC0-301F-11D3-BF4B-00C04F79EFBC}") = "razorpages", "razorpages.csproj", "{51CC32C1-0D5E-D3C0-1AF3-B70A78AECA63}"
EndProject
Global
	GlobalSection(SolutionConfigurationPlatforms) = preSolution
		Debug|Any CPU = Debug|Any CPU
		Release|Any CPU = Release|Any CPU
	EndGlobalSection
	GlobalSection(ProjectConfigurationPlatforms) = postSolution
		{51CC32C1-0D5E-D3C0-1AF3-B70A78AECA63}.Debug|Any CPU.ActiveCfg = Debug|Any CPU
		{51CC32C1-0D5E-D3C0-1AF3-B70A78AECA63}.Debug|Any CPU.Build.0 = Debug|Any CPU
		{51CC32C1-0D5E-D3C0-1AF3-B70A78AECA63}.Release|Any CPU.ActiveCfg = Release|Any CPU
		{51CC32C1-0D5E-D3C0-1AF3-B70A78AECA63}.Release|Any CPU.Build.0 = Release|Any CPU
	EndGlobalSection
	GlobalSection(SolutionProperties) = preSolution
		HideSolutionNode = FALSE
	EndGlobalSection
	GlobalSection(ExtensibilityGlobals) = postSolution
		SolutionGuid = {35C9A0B2-16C0-4453-99E6-6D62646518CB}
	EndGlobalSection
EndGlobal
